{
  "nodes": {
    "nixpkgs": {
      "locked": {
        "lastModified": 1627926908,
        "narHash": "sha256-A1UOXOYV/Y59f64trikse0GeEaIAWaBBszwD0ckLGHI=",
        "owner": "NixOS",
        "repo": "nixpkgs",
        "rev": "2adaddd1d3520257a6c26e464960c08bc0c67a29",
        "type": "github"
      },
      "original": {
        "id": "nixpkgs",
        "type": "indirect"
      }
    },
    "root": {
      "inputs": {
        "nixpkgs": "nixpkgs"
      }
    }
  },
  "root": "root",
  "version": 7
}
