{
  "nodes": {
    "nixpkgs": {
      "locked": {
        "lastModified": 1627915232,
        "narHash": "sha256-nTrj9AiXN6f08C57ohPexXUzYdDEy2HDUe2Uq9Z7LN4=",
        "owner": "NixOS",
        "repo": "nixpkgs",
        "rev": "5701e5bc3bfb317e1f37ff3fb889eae7584a1206",
        "type": "github"
      },
      "original": {
        "id": "nixpkgs",
        "type": "indirect"
      }
    },
    "root": {
      "inputs": {
        "nixpkgs": "nixpkgs"
      }
    }
  },
  "root": "root",
  "version": 7
}
